
Microsoft Visual Studio Solution File, Format Version 10.00
# Visual Studio 2008
# SharpDevelop 3.0.0.3437
Project("{FAE04EC0-301F-11D3-BF4B-00C04F79EFBC}") = "PRESENTATION", "PRESENTATION\PRESENTATION.csproj", "{7F471518-57CF-4780-9714-8531E857F1B6}"
EndProject
Project("{FAE04EC0-301F-11D3-BF4B-00C04F79EFBC}") = "BUSLayer", "BUSLayer\BUSLayer.csproj", "{5F0EAD97-6AFB-4FA0-A133-05DDEDC50611}"
EndProject
Project("{FAE04EC0-301F-11D3-BF4B-00C04F79EFBC}") = "DAOLayer", "DAOLayer\DAOLayer.csproj", "{620E98E8-5FEE-4E58-B51F-9967D086D495}"
EndProject
Project("{FAE04EC0-301F-11D3-BF4B-00C04F79EFBC}") = "DTOLayer", "DTOLayer\DTOLayer.csproj", "{9EF0108E-F2AD-45C1-A456-085CBEFBB713}"
EndProject
Global
	GlobalSection(SolutionConfigurationPlatforms) = preSolution
		Debug|Any CPU = Debug|Any CPU
		Release|Any CPU = Release|Any CPU
	EndGlobalSection
	GlobalSection(ProjectConfigurationPlatforms) = postSolution
		{7F471518-57CF-4780-9714-8531E857F1B6}.Debug|Any CPU.Build.0 = Debug|Any CPU
		{7F471518-57CF-4780-9714-8531E857F1B6}.Debug|Any CPU.ActiveCfg = Debug|Any CPU
		{7F471518-57CF-4780-9714-8531E857F1B6}.Release|Any CPU.Build.0 = Release|Any CPU
		{7F471518-57CF-4780-9714-8531E857F1B6}.Release|Any CPU.ActiveCfg = Release|Any CPU
		{5F0EAD97-6AFB-4FA0-A133-05DDEDC50611}.Debug|Any CPU.Build.0 = Debug|Any CPU
		{5F0EAD97-6AFB-4FA0-A133-05DDEDC50611}.Debug|Any CPU.ActiveCfg = Debug|Any CPU
		{5F0EAD97-6AFB-4FA0-A133-05DDEDC50611}.Release|Any CPU.Build.0 = Release|Any CPU
		{5F0EAD97-6AFB-4FA0-A133-05DDEDC50611}.Release|Any CPU.ActiveCfg = Release|Any CPU
		{620E98E8-5FEE-4E58-B51F-9967D086D495}.Debug|Any CPU.Build.0 = Debug|Any CPU
		{620E98E8-5FEE-4E58-B51F-9967D086D495}.Debug|Any CPU.ActiveCfg = Debug|Any CPU
		{620E98E8-5FEE-4E58-B51F-9967D086D495}.Release|Any CPU.Build.0 = Release|Any CPU
		{620E98E8-5FEE-4E58-B51F-9967D086D495}.Release|Any CPU.ActiveCfg = Release|Any CPU
		{9EF0108E-F2AD-45C1-A456-085CBEFBB713}.Debug|Any CPU.Build.0 = Debug|Any CPU
		{9EF0108E-F2AD-45C1-A456-085CBEFBB713}.Debug|Any CPU.ActiveCfg = Debug|Any CPU
		{9EF0108E-F2AD-45C1-A456-085CBEFBB713}.Release|Any CPU.Build.0 = Release|Any CPU
		{9EF0108E-F2AD-45C1-A456-085CBEFBB713}.Release|Any CPU.ActiveCfg = Release|Any CPU
	EndGlobalSection
EndGlobal
